// !$*UTF8*$!
{
	archiveVersion = 1;
	classes = {
	};
	objectVersion = 50;
	objects = {

/* Begin PBXBuildFile section */
		017F94C322565B3700BA8317 /* game.swift in Sources */ = {isa = PBXBuildFile; fileRef = 017F94C222565B3700BA8317 /* game.swift */; };
		01EB2F0822524003008E46AC /* AppDelegate.swift in Sources */ = {isa = PBXBuildFile; fileRef = 01EB2F0722524003008E46AC /* AppDelegate.swift */; };
		01EB2F0A22524003008E46AC /* ViewController.swift in Sources */ = {isa = PBXBuildFile; fileRef = 01EB2F0922524003008E46AC /* ViewController.swift */; };
		01EB2F0D22524003008E46AC /* Main.storyboard in Resources */ = {isa = PBXBuildFile; fileRef = 01EB2F0B22524003008E46AC /* Main.storyboard */; };
		01EB2F0F22524004008E46AC /* Assets.xcassets in Resources */ = {isa = PBXBuildFile; fileRef = 01EB2F0E22524004008E46AC /* Assets.xcassets */; };
		01EB2F1222524004008E46AC /* LaunchScreen.storyboard in Resources */ = {isa = PBXBuildFile; fileRef = 01EB2F1022524004008E46AC /* LaunchScreen.storyboard */; };
		01EB2F1D22524004008E46AC /* ApplePieTests.swift in Sources */ = {isa = PBXBuildFile; fileRef = 01EB2F1C22524004008E46AC /* ApplePieTests.swift */; };
		01EB2F2822524004008E46AC /* ApplePieUITests.swift in Sources */ = {isa = PBXBuildFile; fileRef = 01EB2F2722524004008E46AC /* ApplePieUITests.swift */; };
/* End PBXBuildFile section */

/* Begin PBXContainerItemProxy section */
		01EB2F1922524004008E46AC /* PBXContainerItemProxy */ = {
			isa = PBXContainerItemProxy;
			containerPortal = 01EB2EFC22524003008E46AC /* Project object */;
			proxyType = 1;
			remoteGlobalIDString = 01EB2F0322524003008E46AC;
			remoteInfo = ApplePie;
		};
		01EB2F2422524004008E46AC /* PBXContainerItemProxy */ = {
			isa = PBXContainerItemProxy;
			containerPortal = 01EB2EFC22524003008E46AC /* Project object */;
			proxyType = 1;
			remoteGlobalIDString = 01EB2F0322524003008E46AC;
			remoteInfo = ApplePie;
		};
/* End PBXContainerItemProxy section */

/* Begin PBXFileReference section */
		017F94C222565B3700BA8317 /* game.swift */ = {isa = PBXFileReference; lastKnownFileType = sourcecode.swift; path = game.swift; sourceTree = "<group>"; };
		01EB2F0422524003008E46AC /* ApplePie.app */ = {isa = PBXFileReference; explicitFileType = wrapper.application; includeInIndex = 0; path = ApplePie.app; sourceTree = BUILT_PRODUCTS_DIR; };
		01EB2F0722524003008E46AC /* AppDelegate.swift */ = {isa = PBXFileReference; lastKnownFileType = sourcecode.swift; path = AppDelegate.swift; sourceTree = "<group>"; };
		01EB2F0922524003008E46AC /* ViewController.swift */ = {isa = PBXFileReference; lastKnownFileType = sourcecode.swift; path = ViewController.swift; sourceTree = "<group>"; };
		01EB2F0C22524003008E46AC /* Base */ = {isa = PBXFileReference; lastKnownFileType = file.storyboard; name = Base; path = Base.lproj/Main.storyboard; sourceTree = "<group>"; };
		01EB2F0E22524004008E46AC /* Assets.xcassets */ = {isa = PBXFileReference; lastKnownFileType = folder.assetcatalog; path = Assets.xcassets; sourceTree = "<group>"; };
		01EB2F1122524004008E46AC /* Base */ = {isa = PBXFileReference; lastKnownFileType = file.storyboard; name = Base; path = Base.lproj/LaunchScreen.storyboard; sourceTree = "<group>"; };
		01EB2F1322524004008E46AC /* Info.plist */ = {isa = PBXFileReference; lastKnownFileType = text.plist.xml; path = Info.plist; sourceTree = "<group>"; };
		01EB2F1822524004008E46AC /* ApplePieTests.xctest */ = {isa = PBXFileReference; explicitFileType = wrapper.cfbundle; includeInIndex = 0; path = ApplePieTests.xctest; sourceTree = BUILT_PRODUCTS_DIR; };
		01EB2F1C22524004008E46AC /* ApplePieTests.swift */ = {isa = PBXFileReference; lastKnownFileType = sourcecode.swift; path = ApplePieTests.swift; sourceTree = "<group>"; };
		01EB2F1E22524004008E46AC /* Info.plist */ = {isa = PBXFileReference; lastKnownFileType = text.plist.xml; path = Info.plist; sourceTree = "<group>"; };
		01EB2F2322524004008E46AC /* ApplePieUITests.xctest */ = {isa = PBXFileReference; explicitFileType = wrapper.cfbundle; includeInIndex = 0; path = ApplePieUITests.xctest; sourceTree = BUILT_PRODUCTS_DIR; };
		01EB2F2722524004008E46AC /* ApplePieUITests.swift */ = {isa = PBXFileReference; lastKnownFileType = sourcecode.swift; path = ApplePieUITests.swift; sourceTree = "<group>"; };
		01EB2F2922524004008E46AC /* Info.plist */ = {isa = PBXFileReference; lastKnownFileType = text.plist.xml; path = Info.plist; sourceTree = "<group>"; };
/* End PBXFileReference section */

/* Begin PBXFrameworksBuildPhase section */
		01EB2F0122524003008E46AC /* Frameworks */ = {
			isa = PBXFrameworksBuildPhase;
			buildActionMask = 2147483647;
			files = (
			);
			runOnlyForDeploymentPostprocessing = 0;
		};
		01EB2F1522524004008E46AC /* Frameworks */ = {
			isa = PBXFrameworksBuildPhase;
			buildActionMask = 2147483647;
			files = (
			);
			runOnlyForDeploymentPostprocessing = 0;
		};
		01EB2F2022524004008E46AC /* Frameworks */ = {
			isa = PBXFrameworksBuildPhase;
			buildActionMask = 2147483647;
			files = (
			);
			runOnlyForDeploymentPostprocessing = 0;
		};
/* End PBXFrameworksBuildPhase section */

/* Begin PBXGroup section */
		01EB2EFB22524003008E46AC = {
			isa = PBXGroup;
			children = (
				01EB2F0622524003008E46AC /* ApplePie */,
				01EB2F1B22524004008E46AC /* ApplePieTests */,
				01EB2F2622524004008E46AC /* ApplePieUITests */,
				01EB2F0522524003008E46AC /* Products */,
			);
			sourceTree = "<group>";
		};
		01EB2F0522524003008E46AC /* Products */ = {
			isa = PBXGroup;
			children = (
				01EB2F0422524003008E46AC /* ApplePie.app */,
				01EB2F1822524004008E46AC /* ApplePieTests.xctest */,
				01EB2F2322524004008E46AC /* ApplePieUITests.xctest */,
			);
			name = Products;
			sourceTree = "<group>";
		};
		01EB2F0622524003008E46AC /* ApplePie */ = {
			isa = PBXGroup;
			children = (
				01EB2F0722524003008E46AC /* AppDelegate.swift */,
				01EB2F0922524003008E46AC /* ViewController.swift */,
				01EB2F0B22524003008E46AC /* Main.storyboard */,
				017F94C222565B3700BA8317 /* game.swift */,
				01EB2F0E22524004008E46AC /* Assets.xcassets */,
				01EB2F1022524004008E46AC /* LaunchScreen.storyboard */,
				01EB2F1322524004008E46AC /* Info.plist */,
			);
			path = ApplePie;
			sourceTree = "<group>";
		};
		01EB2F1B22524004008E46AC /* ApplePieTests */ = {
			isa = PBXGroup;
			children = (
				01EB2F1C22524004008E46AC /* ApplePieTests.swift */,
				01EB2F1E22524004008E46AC /* Info.plist */,
			);
			path = ApplePieTests;
			sourceTree = "<group>";
		};
		01EB2F2622524004008E46AC /* ApplePieUITests */ = {
			isa = PBXGroup;
			children = (
				01EB2F2722524004008E46AC /* ApplePieUITests.swift */,
				01EB2F2922524004008E46AC /* Info.plist */,
			);
			path = ApplePieUITests;
			sourceTree = "<group>";
		};
/* End PBXGroup section */

/* Begin PBXNativeTarget section */
		01EB2F0322524003008E46AC /* ApplePie */ = {
			isa = PBXNativeTarget;
			buildConfigurationList = 01EB2F2C22524004008E46AC /* Build configuration list for PBXNativeTarget "ApplePie" */;
			buildPhases = (
				01EB2F0022524003008E46AC /* Sources */,
				01EB2F0122524003008E46AC /* Frameworks */,
				01EB2F0222524003008E46AC /* Resources */,
			);
			buildRules = (
			);
			dependencies = (
			);
			name = ApplePie;
			productName = ApplePie;
			productReference = 01EB2F0422524003008E46AC /* ApplePie.app */;
			productType = "com.apple.product-type.application";
		};
		01EB2F1722524004008E46AC /* ApplePieTests */ = {
			isa = PBXNativeTarget;
			buildConfigurationList = 01EB2F2F22524004008E46AC /* Build configuration list for PBXNativeTarget "ApplePieTests" */;
			buildPhases = (
				01EB2F1422524004008E46AC /* Sources */,
				01EB2F1522524004008E46AC /* Frameworks */,
				01EB2F1622524004008E46AC /* Resources */,
			);
			buildRules = (
			);
			dependencies = (
				01EB2F1A22524004008E46AC /* PBXTargetDependency */,
			);
			name = ApplePieTests;
			productName = ApplePieTests;
			productReference = 01EB2F1822524004008E46AC /* ApplePieTests.xctest */;
			productType = "com.apple.product-type.bundle.unit-test";
		};
		01EB2F2222524004008E46AC /* ApplePieUITests */ = {
			isa = PBXNativeTarget;
			buildConfigurationList = 01EB2F3222524004008E46AC /* Build configuration list for PBXNativeTarget "ApplePieUITests" */;
			buildPhases = (
				01EB2F1F22524004008E46AC /* Sources */,
				01EB2F2022524004008E46AC /* Frameworks */,
				01EB2F2122524004008E46AC /* Resources */,
			);
			buildRules = (
			);
			dependencies = (
				01EB2F2522524004008E46AC /* PBXTargetDependency */,
			);
			name = ApplePieUITests;
			productName = ApplePieUITests;
			productReference = 01EB2F2322524004008E46AC /* ApplePieUITests.xctest */;
			productType = "com.apple.product-type.bundle.ui-testing";
		};
/* End PBXNativeTarget section */

/* Begin PBXProject section */
		01EB2EFC22524003008E46AC /* Project object */ = {
			isa = PBXProject;
			attributes = {
				LastSwiftUpdateCheck = 1010;
				LastUpgradeCheck = 1010;
				ORGANIZATIONNAME = Frank;
				TargetAttributes = {
					01EB2F0322524003008E46AC = {
						CreatedOnToolsVersion = 10.1;
					};
					01EB2F1722524004008E46AC = {
						CreatedOnToolsVersion = 10.1;
						TestTargetID = 01EB2F0322524003008E46AC;
					};
					01EB2F2222524004008E46AC = {
						CreatedOnToolsVersion = 10.1;
						TestTargetID = 01EB2F0322524003008E46AC;
					};
				};
			};
			buildConfigurationList = 01EB2EFF22524003008E46AC /* Build configuration list for PBXProject "ApplePie" */;
			compatibilityVersion = "Xcode 9.3";
			developmentRegion = en;
			hasScannedForEncodings = 0;
			knownRegions = (
				en,
				Base,
			);
			mainGroup = 01EB2EFB22524003008E46AC;
			productRefGroup = 01EB2F0522524003008E46AC /* Products */;
			projectDirPath = "";
			projectRoot = "";
			targets = (
				01EB2F0322524003008E46AC /* ApplePie */,
				01EB2F1722524004008E46AC /* ApplePieTests */,
				01EB2F2222524004008E46AC /* ApplePieUITests */,
			);
		};
/* End PBXProject section */

/* Begin PBXResourcesBuildPhase section */
		01EB2F0222524003008E46AC /* Resources */ = {
			isa = PBXResourcesBuildPhase;
			buildActionMask = 2147483647;
			files = (
				01EB2F1222524004008E46AC /* LaunchScreen.storyboard in Resources */,
				01EB2F0F22524004008E46AC /* Assets.xcassets in Resources */,
				01EB2F0D22524003008E46AC /* Main.storyboard in Resources */,
			);
			runOnlyForDeploymentPostprocessing = 0;
		};
		01EB2F1622524004008E46AC /* Resources */ = {
			isa = PBXResourcesBuildPhase;
			buildActionMask = 2147483647;
			files = (
			);
			runOnlyForDeploymentPostprocessing = 0;
		};
		01EB2F2122524004008E46AC /* Resources */ = {
			isa = PBXResourcesBuildPhase;
			buildActionMask = 2147483647;
			files = (
			);
			runOnlyForDeploymentPostprocessing = 0;
		};
/* End PBXResourcesBuildPhase section */

/* Begin PBXSourcesBuildPhase section */
		01EB2F0022524003008E46AC /* Sources */ = {
			isa = PBXSourcesBuildPhase;
			buildActionMask = 2147483647;
			files = (
				017F94C322565B3700BA8317 /* game.swift in Sources */,
				01EB2F0A22524003008E46AC /* ViewController.swift in Sources */,
				01EB2F0822524003008E46AC /* AppDelegate.swift in Sources */,
			);
			runOnlyForDeploymentPostprocessing = 0;
		};
		01EB2F1422524004008E46AC /* Sources */ = {
			isa = PBXSourcesBuildPhase;
			buildActionMask = 2147483647;
			files = (
				01EB2F1D22524004008E46AC /* ApplePieTests.swift in Sources */,
			);
			runOnlyForDeploymentPostprocessing = 0;
		};
		01EB2F1F22524004008E46AC /* Sources */ = {
			isa = PBXSourcesBuildPhase;
			buildActionMask = 2147483647;
			files = (
				01EB2F2822524004008E46AC /* ApplePieUITests.swift in Sources */,
			);
			runOnlyForDeploymentPostprocessing = 0;
		};
/* End PBXSourcesBuildPhase section */

/* Begin PBXTargetDependency section */
		01EB2F1A22524004008E46AC /* PBXTargetDependency */ = {
			isa = PBXTargetDependency;
			target = 01EB2F0322524003008E46AC /* ApplePie */;
			targetProxy = 01EB2F1922524004008E46AC /* PBXContainerItemProxy */;
		};
		01EB2F2522524004008E46AC /* PBXTargetDependency */ = {
			isa = PBXTargetDependency;
			target = 01EB2F0322524003008E46AC /* ApplePie */;
			targetProxy = 01EB2F2422524004008E46AC /* PBXContainerItemProxy */;
		};
/* End PBXTargetDependency section */

/* Begin PBXVariantGroup section */
		01EB2F0B22524003008E46AC /* Main.storyboard */ = {
			isa = PBXVariantGroup;
			children = (
				01EB2F0C22524003008E46AC /* Base */,
			);
			name = Main.storyboard;
			sourceTree = "<group>";
		};
		01EB2F1022524004008E46AC /* LaunchScreen.storyboard */ = {
			isa = PBXVariantGroup;
			children = (
				01EB2F1122524004008E46AC /* Base */,
			);
			name = LaunchScreen.storyboard;
			sourceTree = "<group>";
		};
/* End PBXVariantGroup section */

/* Begin XCBuildConfiguration section */
		01EB2F2A22524004008E46AC /* Debug */ = {
			isa = XCBuildConfiguration;
			buildSettings = {
				ALWAYS_SEARCH_USER_PATHS = NO;
				CLANG_ANALYZER_NONNULL = YES;
				CLANG_ANALYZER_NUMBER_OBJECT_CONVERSION = YES_AGGRESSIVE;
				CLANG_CXX_LANGUAGE_STANDARD = "gnu++14";
				CLANG_CXX_LIBRARY = "libc++";
				CLANG_ENABLE_MODULES = YES;
				CLANG_ENABLE_OBJC_ARC = YES;
				CLANG_ENABLE_OBJC_WEAK = YES;
				CLANG_WARN_BLOCK_CAPTURE_AUTORELEASING = YES;
				CLANG_WARN_BOOL_CONVERSION = YES;
				CLANG_WARN_COMMA = YES;
				CLANG_WARN_CONSTANT_CONVERSION = YES;
				CLANG_WARN_DEPRECATED_OBJC_IMPLEMENTATIONS = YES;
				CLANG_WARN_DIRECT_OBJC_ISA_USAGE = YES_ERROR;
				CLANG_WARN_DOCUMENTATION_COMMENTS = YES;
				CLANG_WARN_EMPTY_BODY = YES;
				CLANG_WARN_ENUM_CONVERSION = YES;
				CLANG_WARN_INFINITE_RECURSION = YES;
				CLANG_WARN_INT_CONVERSION = YES;
				CLANG_WARN_NON_LITERAL_NULL_CONVERSION = YES;
				CLANG_WARN_OBJC_IMPLICIT_RETAIN_SELF = YES;
				CLANG_WARN_OBJC_LITERAL_CONVERSION = YES;
				CLANG_WARN_OBJC_ROOT_CLASS = YES_ERROR;
				CLANG_WARN_RANGE_LOOP_ANALYSIS = YES;
				CLANG_WARN_STRICT_PROTOTYPES = YES;
				CLANG_WARN_SUSPICIOUS_MOVE = YES;
				CLANG_WARN_UNGUARDED_AVAILABILITY = YES_AGGRESSIVE;
				CLANG_WARN_UNREACHABLE_CODE = YES;
				CLANG_WARN__DUPLICATE_METHOD_MATCH = YES;
				CODE_SIGN_IDENTITY = "iPhone Developer";
				COPY_PHASE_STRIP = NO;
				DEBUG_INFORMATION_FORMAT = dwarf;
				ENABLE_STRICT_OBJC_MSGSEND = YES;
				ENABLE_TESTABILITY = YES;
				GCC_C_LANGUAGE_STANDARD = gnu11;
				GCC_DYNAMIC_NO_PIC = NO;
				GCC_NO_COMMON_BLOCKS = YES;
				GCC_OPTIMIZATION_LEVEL = 0;
				GCC_PREPROCESSOR_DEFINITIONS = (
					"DEBUG=1",
					"$(inherited)",
				);
				GCC_WARN_64_TO_32_BIT_CONVERSION = YES;
				GCC_WARN_ABOUT_RETURN_TYPE = YES_ERROR;
				GCC_WARN_UNDECLARED_SELECTOR = YES;
				GCC_WARN_UNINITIALIZED_AUTOS = YES_AGGRESSIVE;
				GCC_WARN_UNUSED_FUNCTION = YES;
				GCC_WARN_UNUSED_VARIABLE = YES;
				IPHONEOS_DEPLOYMENT_TARGET = 12.1;
				MTL_ENABLE_DEBUG_INFO = INCLUDE_SOURCE;
				MTL_FAST_MATH = YES;
				ONLY_ACTIVE_ARCH = YES;
				SDKROOT = iphoneos;
				SWIFT_ACTIVE_COMPILATION_CONDITIONS = DEBUG;
				SWIFT_OPTIMIZATION_LEVEL = "-Onone";
			};
			name = Debug;
		};
		01EB2F2B22524004008E46AC /* Release */ = {
			isa = XCBuildConfiguration;
			buildSettings = {
				ALWAYS_SEARCH_USER_PATHS = NO;
				CLANG_ANALYZER_NONNULL = YES;
				CLANG_ANALYZER_NUMBER_OBJECT_CONVERSION = YES_AGGRESSIVE;
				CLANG_CXX_LANGUAGE_STANDARD = "gnu++14";
				CLANG_CXX_LIBRARY = "libc++";
				CLANG_ENABLE_MODULES = YES;
				CLANG_ENABLE_OBJC_ARC = YES;
				CLANG_ENABLE_OBJC_WEAK = YES;
				CLANG_WARN_BLOCK_CAPTURE_AUTORELEASING = YES;
				CLANG_WARN_BOOL_CONVERSION = YES;
				CLANG_WARN_COMMA = YES;
				CLANG_WARN_CONSTANT_CONVERSION = YES;
				CLANG_WARN_DEPRECATED_OBJC_IMPLEMENTATIONS = YES;
				CLANG_WARN_DIRECT_OBJC_ISA_USAGE = YES_ERROR;
				CLANG_WARN_DOCUMENTATION_COMMENTS = YES;
				CLANG_WARN_EMPTY_BODY = YES;
				CLANG_WARN_ENUM_CONVERSION = YES;
				CLANG_WARN_INFINITE_RECURSION = YES;
				CLANG_WARN_INT_CONVERSION = YES;
				CLANG_WARN_NON_LITERAL_NULL_CONVERSION = YES;
				CLANG_WARN_OBJC_IMPLICIT_RETAIN_SELF = YES;
				CLANG_WARN_OBJC_LITERAL_CONVERSION = YES;
				CLANG_WARN_OBJC_ROOT_CLASS = YES_ERROR;
				CLANG_WARN_RANGE_LOOP_ANALYSIS = YES;
				CLANG_WARN_STRICT_PROTOTYPES = YES;
				CLANG_WARN_SUSPICIOUS_MOVE = YES;
				CLANG_WARN_UNGUARDED_AVAILABILITY = YES_AGGRESSIVE;
				CLANG_WARN_UNREACHABLE_CODE = YES;
				CLANG_WARN__DUPLICATE_METHOD_MATCH = YES;
				CODE_SIGN_IDENTITY = "iPhone Developer";
				COPY_PHASE_STRIP = NO;
				DEBUG_INFORMATION_FORMAT = "dwarf-with-dsym";
				ENABLE_NS_ASSERTIONS = NO;
				ENABLE_STRICT_OBJC_MSGSEND = YES;
				GCC_C_LANGUAGE_STANDARD = gnu11;
				GCC_NO_COMMON_BLOCKS = YES;
				GCC_WARN_64_TO_32_BIT_CONVERSION = YES;
				GCC_WARN_ABOUT_RETURN_TYPE = YES_ERROR;
				GCC_WARN_UNDECLARED_SELECTOR = YES;
				GCC_WARN_UNINITIALIZED_AUTOS = YES_AGGRESSIVE;
				GCC_WARN_UNUSED_FUNCTION = YES;
				GCC_WARN_UNUSED_VARIABLE = YES;
				IPHONEOS_DEPLOYMENT_TARGET = 12.1;
				MTL_ENABLE_DEBUG_INFO = NO;
				MTL_FAST_MATH = YES;
				SDKROOT = iphoneos;
				SWIFT_COMPILATION_MODE = wholemodule;
				SWIFT_OPTIMIZATION_LEVEL = "-O";
				VALIDATE_PRODUCT = YES;
			};
			name = Release;
		};
		01EB2F2D22524004008E46AC /* Debug */ = {
			isa = XCBuildConfiguration;
			buildSettings = {
				ASSETCATALOG_COMPILER_APPICON_NAME = AppIcon;
				CODE_SIGN_STYLE = Automatic;
				INFOPLIST_FILE = ApplePie/Info.plist;
				LD_RUNPATH_SEARCH_PATHS = (
					"$(inherited)",
					"@executable_path/Frameworks",
				);
				PRODUCT_BUNDLE_IDENTIFIER = org.ssfs.ApplePie;
				PRODUCT_NAME = "$(TARGET_NAME)";
				SWIFT_VERSION = 4.2;
				TARGETED_DEVICE_FAMILY = 2;
			};
			name = Debug;
		};
		01EB2F2E22524004008E46AC /* Release */ = {
			isa = XCBuildConfiguration;
			buildSettings = {
				ASSETCATALOG_COMPILER_APPICON_NAME = AppIcon;
				CODE_SIGN_STYLE = Automatic;
				INFOPLIST_FILE = ApplePie/Info.plist;
				LD_RUNPATH_SEARCH_PATHS = (
					"$(inherited)",
					"@executable_path/Frameworks",
				);
				PRODUCT_BUNDLE_IDENTIFIER = org.ssfs.ApplePie;
				PRODUCT_NAME = "$(TARGET_NAME)";
				SWIFT_VERSION = 4.2;
				TARGETED_DEVICE_FAMILY = 2;
			};
			name = Release;
		};
		01EB2F3022524004008E46AC /* Debug */ = {
			isa = XCBuildConfiguration;
			buildSettings = {
				ALWAYS_EMBED_SWIFT_STANDARD_LIBRARIES = YES;
				BUNDLE_LOADER = "$(TEST_HOST)";
				CODE_SIGN_STYLE = Automatic;
				INFOPLIST_FILE = ApplePieTests/Info.plist;
				LD_RUNPATH_SEARCH_PATHS = (
					"$(inherited)",
					"@executable_path/Frameworks",
					"@loader_path/Frameworks",
				);
				PRODUCT_BUNDLE_IDENTIFIER = org.ssfs.ApplePieTests;
				PRODUCT_NAME = "$(TARGET_NAME)";
				SWIFT_VERSION = 4.2;
				TARGETED_DEVICE_FAMILY = "1,2";
				TEST_HOST = "$(BUILT_PRODUCTS_DIR)/ApplePie.app/ApplePie";
			};
			name = Debug;
		};
		01EB2F3122524004008E46AC /* Release */ = {
			isa = XCBuildConfiguration;
			buildSettings = {
				ALWAYS_EMBED_SWIFT_STANDARD_LIBRARIES = YES;
				BUNDLE_LOADER = "$(TEST_HOST)";
				CODE_SIGN_STYLE = Automatic;
				INFOPLIST_FILE = ApplePieTests/Info.plist;
				LD_RUNPATH_SEARCH_PATHS = (
					"$(inherited)",
					"@executable_path/Frameworks",
					"@loader_path/Frameworks",
				);
				PRODUCT_BUNDLE_IDENTIFIER = org.ssfs.ApplePieTests;
				PRODUCT_NAME = "$(TARGET_NAME)";
				SWIFT_VERSION = 4.2;
				TARGETED_DEVICE_FAMILY = "1,2";
				TEST_HOST = "$(BUILT_PRODUCTS_DIR)/ApplePie.app/ApplePie";
			};
			name = Release;
		};
		01EB2F3322524004008E46AC /* Debug */ = {
			isa = XCBuildConfiguration;
			buildSettings = {
				ALWAYS_EMBED_SWIFT_STANDARD_LIBRARIES = YES;
				CODE_SIGN_STYLE = Automatic;
				INFOPLIST_FILE = ApplePieUITests/Info.plist;
				LD_RUNPATH_SEARCH_PATHS = (
					"$(inherited)",
					"@executable_path/Frameworks",
					"@loader_path/Frameworks",
				);
				PRODUCT_BUNDLE_IDENTIFIER = org.ssfs.ApplePieUITests;
				PRODUCT_NAME = "$(TARGET_NAME)";
				SWIFT_VERSION = 4.2;
				TARGETED_DEVICE_FAMILY = "1,2";
				TEST_TARGET_NAME = ApplePie;
			};
			name = Debug;
		};
		01EB2F3422524004008E46AC /* Release */ = {
			isa = XCBuildConfiguration;
			buildSettings = {
				ALWAYS_EMBED_SWIFT_STANDARD_LIBRARIES = YES;
				CODE_SIGN_STYLE = Automatic;
				INFOPLIST_FILE = ApplePieUITests/Info.plist;
				LD_RUNPATH_SEARCH_PATHS = (
					"$(inherited)",
					"@executable_path/Frameworks",
					"@loader_path/Frameworks",
				);
				PRODUCT_BUNDLE_IDENTIFIER = org.ssfs.ApplePieUITests;
				PRODUCT_NAME = "$(TARGET_NAME)";
				SWIFT_VERSION = 4.2;
				TARGETED_DEVICE_FAMILY = "1,2";
				TEST_TARGET_NAME = ApplePie;
			};
			name = Release;
		};
/* End XCBuildConfiguration section */

/* Begin XCConfigurationList section */
		01EB2EFF22524003008E46AC /* Build configuration list for PBXProject "ApplePie" */ = {
			isa = XCConfigurationList;
			buildConfigurations = (
				01EB2F2A22524004008E46AC /* Debug */,
				01EB2F2B22524004008E46AC /* Release */,
			);
			defaultConfigurationIsVisible = 0;
			defaultConfigurationName = Release;
		};
		01EB2F2C22524004008E46AC /* Build configuration list for PBXNativeTarget "ApplePie" */ = {
			isa = XCConfigurationList;
			buildConfigurations = (
				01EB2F2D22524004008E46AC /* Debug */,
				01EB2F2E22524004008E46AC /* Release */,
			);
			defaultConfigurationIsVisible = 0;
			defaultConfigurationName = Release;
		};
		01EB2F2F22524004008E46AC /* Build configuration list for PBXNativeTarget "ApplePieTests" */ = {
			isa = XCConfigurationList;
			buildConfigurations = (
				01EB2F3022524004008E46AC /* Debug */,
				01EB2F3122524004008E46AC /* Release */,
			);
			defaultConfigurationIsVisible = 0;
			defaultConfigurationName = Release;
		};
		01EB2F3222524004008E46AC /* Build configuration list for PBXNativeTarget "ApplePieUITests" */ = {
			isa = XCConfigurationList;
			buildConfigurations = (
				01EB2F3322524004008E46AC /* Debug */,
				01EB2F3422524004008E46AC /* Release */,
			);
			defaultConfigurationIsVisible = 0;
			defaultConfigurationName = Release;
		};
/* End XCConfigurationList section */
	};
	rootObject = 01EB2EFC22524003008E46AC /* Project object */;
}
