// !$*UTF8*$!
{
	archiveVersion = 1;
	classes = {
	};
	objectVersion = 50;
	objects = {

/* Begin PBXBuildFile section */
		0199C1C7223809FD000CA3C0 /* AppDelegate.swift in Sources */ = {isa = PBXBuildFile; fileRef = 0199C1C6223809FD000CA3C0 /* AppDelegate.swift */; };
		0199C1C9223809FD000CA3C0 /* ViewController.swift in Sources */ = {isa = PBXBuildFile; fileRef = 0199C1C8223809FD000CA3C0 /* ViewController.swift */; };
		0199C1CC223809FD000CA3C0 /* Main.storyboard in Resources */ = {isa = PBXBuildFile; fileRef = 0199C1CA223809FD000CA3C0 /* Main.storyboard */; };
		0199C1CE22380A00000CA3C0 /* Assets.xcassets in Resources */ = {isa = PBXBuildFile; fileRef = 0199C1CD22380A00000CA3C0 /* Assets.xcassets */; };
		0199C1D122380A00000CA3C0 /* LaunchScreen.storyboard in Resources */ = {isa = PBXBuildFile; fileRef = 0199C1CF22380A00000CA3C0 /* LaunchScreen.storyboard */; };
		0199C1DC22380A00000CA3C0 /* CalculatorTests.swift in Sources */ = {isa = PBXBuildFile; fileRef = 0199C1DB22380A00000CA3C0 /* CalculatorTests.swift */; };
		0199C1E722380A00000CA3C0 /* CalculatorUITests.swift in Sources */ = {isa = PBXBuildFile; fileRef = 0199C1E622380A00000CA3C0 /* CalculatorUITests.swift */; };
/* End PBXBuildFile section */

/* Begin PBXContainerItemProxy section */
		0199C1D822380A00000CA3C0 /* PBXContainerItemProxy */ = {
			isa = PBXContainerItemProxy;
			containerPortal = 0199C1BB223809FC000CA3C0 /* Project object */;
			proxyType = 1;
			remoteGlobalIDString = 0199C1C2223809FC000CA3C0;
			remoteInfo = Calculator;
		};
		0199C1E322380A00000CA3C0 /* PBXContainerItemProxy */ = {
			isa = PBXContainerItemProxy;
			containerPortal = 0199C1BB223809FC000CA3C0 /* Project object */;
			proxyType = 1;
			remoteGlobalIDString = 0199C1C2223809FC000CA3C0;
			remoteInfo = Calculator;
		};
/* End PBXContainerItemProxy section */

/* Begin PBXFileReference section */
		0199C1C3223809FD000CA3C0 /* Calculator.app */ = {isa = PBXFileReference; explicitFileType = wrapper.application; includeInIndex = 0; path = Calculator.app; sourceTree = BUILT_PRODUCTS_DIR; };
		0199C1C6223809FD000CA3C0 /* AppDelegate.swift */ = {isa = PBXFileReference; lastKnownFileType = sourcecode.swift; path = AppDelegate.swift; sourceTree = "<group>"; };
		0199C1C8223809FD000CA3C0 /* ViewController.swift */ = {isa = PBXFileReference; lastKnownFileType = sourcecode.swift; path = ViewController.swift; sourceTree = "<group>"; };
		0199C1CB223809FD000CA3C0 /* Base */ = {isa = PBXFileReference; lastKnownFileType = file.storyboard; name = Base; path = Base.lproj/Main.storyboard; sourceTree = "<group>"; };
		0199C1CD22380A00000CA3C0 /* Assets.xcassets */ = {isa = PBXFileReference; lastKnownFileType = folder.assetcatalog; path = Assets.xcassets; sourceTree = "<group>"; };
		0199C1D022380A00000CA3C0 /* Base */ = {isa = PBXFileReference; lastKnownFileType = file.storyboard; name = Base; path = Base.lproj/LaunchScreen.storyboard; sourceTree = "<group>"; };
		0199C1D222380A00000CA3C0 /* Info.plist */ = {isa = PBXFileReference; lastKnownFileType = text.plist.xml; path = Info.plist; sourceTree = "<group>"; };
		0199C1D722380A00000CA3C0 /* CalculatorTests.xctest */ = {isa = PBXFileReference; explicitFileType = wrapper.cfbundle; includeInIndex = 0; path = CalculatorTests.xctest; sourceTree = BUILT_PRODUCTS_DIR; };
		0199C1DB22380A00000CA3C0 /* CalculatorTests.swift */ = {isa = PBXFileReference; lastKnownFileType = sourcecode.swift; path = CalculatorTests.swift; sourceTree = "<group>"; };
		0199C1DD22380A00000CA3C0 /* Info.plist */ = {isa = PBXFileReference; lastKnownFileType = text.plist.xml; path = Info.plist; sourceTree = "<group>"; };
		0199C1E222380A00000CA3C0 /* CalculatorUITests.xctest */ = {isa = PBXFileReference; explicitFileType = wrapper.cfbundle; includeInIndex = 0; path = CalculatorUITests.xctest; sourceTree = BUILT_PRODUCTS_DIR; };
		0199C1E622380A00000CA3C0 /* CalculatorUITests.swift */ = {isa = PBXFileReference; lastKnownFileType = sourcecode.swift; path = CalculatorUITests.swift; sourceTree = "<group>"; };
		0199C1E822380A00000CA3C0 /* Info.plist */ = {isa = PBXFileReference; lastKnownFileType = text.plist.xml; path = Info.plist; sourceTree = "<group>"; };
/* End PBXFileReference section */

/* Begin PBXFrameworksBuildPhase section */
		0199C1C0223809FC000CA3C0 /* Frameworks */ = {
			isa = PBXFrameworksBuildPhase;
			buildActionMask = 2147483647;
			files = (
			);
			runOnlyForDeploymentPostprocessing = 0;
		};
		0199C1D422380A00000CA3C0 /* Frameworks */ = {
			isa = PBXFrameworksBuildPhase;
			buildActionMask = 2147483647;
			files = (
			);
			runOnlyForDeploymentPostprocessing = 0;
		};
		0199C1DF22380A00000CA3C0 /* Frameworks */ = {
			isa = PBXFrameworksBuildPhase;
			buildActionMask = 2147483647;
			files = (
			);
			runOnlyForDeploymentPostprocessing = 0;
		};
/* End PBXFrameworksBuildPhase section */

/* Begin PBXGroup section */
		0199C1BA223809FC000CA3C0 = {
			isa = PBXGroup;
			children = (
				0199C1C5223809FD000CA3C0 /* Calculator */,
				0199C1DA22380A00000CA3C0 /* CalculatorTests */,
				0199C1E522380A00000CA3C0 /* CalculatorUITests */,
				0199C1C4223809FD000CA3C0 /* Products */,
			);
			sourceTree = "<group>";
		};
		0199C1C4223809FD000CA3C0 /* Products */ = {
			isa = PBXGroup;
			children = (
				0199C1C3223809FD000CA3C0 /* Calculator.app */,
				0199C1D722380A00000CA3C0 /* CalculatorTests.xctest */,
				0199C1E222380A00000CA3C0 /* CalculatorUITests.xctest */,
			);
			name = Products;
			sourceTree = "<group>";
		};
		0199C1C5223809FD000CA3C0 /* Calculator */ = {
			isa = PBXGroup;
			children = (
				0199C1C6223809FD000CA3C0 /* AppDelegate.swift */,
				0199C1C8223809FD000CA3C0 /* ViewController.swift */,
				0199C1CA223809FD000CA3C0 /* Main.storyboard */,
				0199C1CD22380A00000CA3C0 /* Assets.xcassets */,
				0199C1CF22380A00000CA3C0 /* LaunchScreen.storyboard */,
				0199C1D222380A00000CA3C0 /* Info.plist */,
			);
			path = Calculator;
			sourceTree = "<group>";
		};
		0199C1DA22380A00000CA3C0 /* CalculatorTests */ = {
			isa = PBXGroup;
			children = (
				0199C1DB22380A00000CA3C0 /* CalculatorTests.swift */,
				0199C1DD22380A00000CA3C0 /* Info.plist */,
			);
			path = CalculatorTests;
			sourceTree = "<group>";
		};
		0199C1E522380A00000CA3C0 /* CalculatorUITests */ = {
			isa = PBXGroup;
			children = (
				0199C1E622380A00000CA3C0 /* CalculatorUITests.swift */,
				0199C1E822380A00000CA3C0 /* Info.plist */,
			);
			path = CalculatorUITests;
			sourceTree = "<group>";
		};
/* End PBXGroup section */

/* Begin PBXNativeTarget section */
		0199C1C2223809FC000CA3C0 /* Calculator */ = {
			isa = PBXNativeTarget;
			buildConfigurationList = 0199C1EB22380A00000CA3C0 /* Build configuration list for PBXNativeTarget "Calculator" */;
			buildPhases = (
				0199C1BF223809FC000CA3C0 /* Sources */,
				0199C1C0223809FC000CA3C0 /* Frameworks */,
				0199C1C1223809FC000CA3C0 /* Resources */,
			);
			buildRules = (
			);
			dependencies = (
			);
			name = Calculator;
			productName = Calculator;
			productReference = 0199C1C3223809FD000CA3C0 /* Calculator.app */;
			productType = "com.apple.product-type.application";
		};
		0199C1D622380A00000CA3C0 /* CalculatorTests */ = {
			isa = PBXNativeTarget;
			buildConfigurationList = 0199C1EE22380A00000CA3C0 /* Build configuration list for PBXNativeTarget "CalculatorTests" */;
			buildPhases = (
				0199C1D322380A00000CA3C0 /* Sources */,
				0199C1D422380A00000CA3C0 /* Frameworks */,
				0199C1D522380A00000CA3C0 /* Resources */,
			);
			buildRules = (
			);
			dependencies = (
				0199C1D922380A00000CA3C0 /* PBXTargetDependency */,
			);
			name = CalculatorTests;
			productName = CalculatorTests;
			productReference = 0199C1D722380A00000CA3C0 /* CalculatorTests.xctest */;
			productType = "com.apple.product-type.bundle.unit-test";
		};
		0199C1E122380A00000CA3C0 /* CalculatorUITests */ = {
			isa = PBXNativeTarget;
			buildConfigurationList = 0199C1F122380A00000CA3C0 /* Build configuration list for PBXNativeTarget "CalculatorUITests" */;
			buildPhases = (
				0199C1DE22380A00000CA3C0 /* Sources */,
				0199C1DF22380A00000CA3C0 /* Frameworks */,
				0199C1E022380A00000CA3C0 /* Resources */,
			);
			buildRules = (
			);
			dependencies = (
				0199C1E422380A00000CA3C0 /* PBXTargetDependency */,
			);
			name = CalculatorUITests;
			productName = CalculatorUITests;
			productReference = 0199C1E222380A00000CA3C0 /* CalculatorUITests.xctest */;
			productType = "com.apple.product-type.bundle.ui-testing";
		};
/* End PBXNativeTarget section */

/* Begin PBXProject section */
		0199C1BB223809FC000CA3C0 /* Project object */ = {
			isa = PBXProject;
			attributes = {
				LastSwiftUpdateCheck = 1010;
				LastUpgradeCheck = 1010;
				ORGANIZATIONNAME = Frank;
				TargetAttributes = {
					0199C1C2223809FC000CA3C0 = {
						CreatedOnToolsVersion = 10.1;
					};
					0199C1D622380A00000CA3C0 = {
						CreatedOnToolsVersion = 10.1;
						TestTargetID = 0199C1C2223809FC000CA3C0;
					};
					0199C1E122380A00000CA3C0 = {
						CreatedOnToolsVersion = 10.1;
						TestTargetID = 0199C1C2223809FC000CA3C0;
					};
				};
			};
			buildConfigurationList = 0199C1BE223809FC000CA3C0 /* Build configuration list for PBXProject "Calculator" */;
			compatibilityVersion = "Xcode 9.3";
			developmentRegion = en;
			hasScannedForEncodings = 0;
			knownRegions = (
				en,
				Base,
			);
			mainGroup = 0199C1BA223809FC000CA3C0;
			productRefGroup = 0199C1C4223809FD000CA3C0 /* Products */;
			projectDirPath = "";
			projectRoot = "";
			targets = (
				0199C1C2223809FC000CA3C0 /* Calculator */,
				0199C1D622380A00000CA3C0 /* CalculatorTests */,
				0199C1E122380A00000CA3C0 /* CalculatorUITests */,
			);
		};
/* End PBXProject section */

/* Begin PBXResourcesBuildPhase section */
		0199C1C1223809FC000CA3C0 /* Resources */ = {
			isa = PBXResourcesBuildPhase;
			buildActionMask = 2147483647;
			files = (
				0199C1D122380A00000CA3C0 /* LaunchScreen.storyboard in Resources */,
				0199C1CE22380A00000CA3C0 /* Assets.xcassets in Resources */,
				0199C1CC223809FD000CA3C0 /* Main.storyboard in Resources */,
			);
			runOnlyForDeploymentPostprocessing = 0;
		};
		0199C1D522380A00000CA3C0 /* Resources */ = {
			isa = PBXResourcesBuildPhase;
			buildActionMask = 2147483647;
			files = (
			);
			runOnlyForDeploymentPostprocessing = 0;
		};
		0199C1E022380A00000CA3C0 /* Resources */ = {
			isa = PBXResourcesBuildPhase;
			buildActionMask = 2147483647;
			files = (
			);
			runOnlyForDeploymentPostprocessing = 0;
		};
/* End PBXResourcesBuildPhase section */

/* Begin PBXSourcesBuildPhase section */
		0199C1BF223809FC000CA3C0 /* Sources */ = {
			isa = PBXSourcesBuildPhase;
			buildActionMask = 2147483647;
			files = (
				0199C1C9223809FD000CA3C0 /* ViewController.swift in Sources */,
				0199C1C7223809FD000CA3C0 /* AppDelegate.swift in Sources */,
			);
			runOnlyForDeploymentPostprocessing = 0;
		};
		0199C1D322380A00000CA3C0 /* Sources */ = {
			isa = PBXSourcesBuildPhase;
			buildActionMask = 2147483647;
			files = (
				0199C1DC22380A00000CA3C0 /* CalculatorTests.swift in Sources */,
			);
			runOnlyForDeploymentPostprocessing = 0;
		};
		0199C1DE22380A00000CA3C0 /* Sources */ = {
			isa = PBXSourcesBuildPhase;
			buildActionMask = 2147483647;
			files = (
				0199C1E722380A00000CA3C0 /* CalculatorUITests.swift in Sources */,
			);
			runOnlyForDeploymentPostprocessing = 0;
		};
/* End PBXSourcesBuildPhase section */

/* Begin PBXTargetDependency section */
		0199C1D922380A00000CA3C0 /* PBXTargetDependency */ = {
			isa = PBXTargetDependency;
			target = 0199C1C2223809FC000CA3C0 /* Calculator */;
			targetProxy = 0199C1D822380A00000CA3C0 /* PBXContainerItemProxy */;
		};
		0199C1E422380A00000CA3C0 /* PBXTargetDependency */ = {
			isa = PBXTargetDependency;
			target = 0199C1C2223809FC000CA3C0 /* Calculator */;
			targetProxy = 0199C1E322380A00000CA3C0 /* PBXContainerItemProxy */;
		};
/* End PBXTargetDependency section */

/* Begin PBXVariantGroup section */
		0199C1CA223809FD000CA3C0 /* Main.storyboard */ = {
			isa = PBXVariantGroup;
			children = (
				0199C1CB223809FD000CA3C0 /* Base */,
			);
			name = Main.storyboard;
			sourceTree = "<group>";
		};
		0199C1CF22380A00000CA3C0 /* LaunchScreen.storyboard */ = {
			isa = PBXVariantGroup;
			children = (
				0199C1D022380A00000CA3C0 /* Base */,
			);
			name = LaunchScreen.storyboard;
			sourceTree = "<group>";
		};
/* End PBXVariantGroup section */

/* Begin XCBuildConfiguration section */
		0199C1E922380A00000CA3C0 /* Debug */ = {
			isa = XCBuildConfiguration;
			buildSettings = {
				ALWAYS_SEARCH_USER_PATHS = NO;
				CLANG_ANALYZER_NONNULL = YES;
				CLANG_ANALYZER_NUMBER_OBJECT_CONVERSION = YES_AGGRESSIVE;
				CLANG_CXX_LANGUAGE_STANDARD = "gnu++14";
				CLANG_CXX_LIBRARY = "libc++";
				CLANG_ENABLE_MODULES = YES;
				CLANG_ENABLE_OBJC_ARC = YES;
				CLANG_ENABLE_OBJC_WEAK = YES;
				CLANG_WARN_BLOCK_CAPTURE_AUTORELEASING = YES;
				CLANG_WARN_BOOL_CONVERSION = YES;
				CLANG_WARN_COMMA = YES;
				CLANG_WARN_CONSTANT_CONVERSION = YES;
				CLANG_WARN_DEPRECATED_OBJC_IMPLEMENTATIONS = YES;
				CLANG_WARN_DIRECT_OBJC_ISA_USAGE = YES_ERROR;
				CLANG_WARN_DOCUMENTATION_COMMENTS = YES;
				CLANG_WARN_EMPTY_BODY = YES;
				CLANG_WARN_ENUM_CONVERSION = YES;
				CLANG_WARN_INFINITE_RECURSION = YES;
				CLANG_WARN_INT_CONVERSION = YES;
				CLANG_WARN_NON_LITERAL_NULL_CONVERSION = YES;
				CLANG_WARN_OBJC_IMPLICIT_RETAIN_SELF = YES;
				CLANG_WARN_OBJC_LITERAL_CONVERSION = YES;
				CLANG_WARN_OBJC_ROOT_CLASS = YES_ERROR;
				CLANG_WARN_RANGE_LOOP_ANALYSIS = YES;
				CLANG_WARN_STRICT_PROTOTYPES = YES;
				CLANG_WARN_SUSPICIOUS_MOVE = YES;
				CLANG_WARN_UNGUARDED_AVAILABILITY = YES_AGGRESSIVE;
				CLANG_WARN_UNREACHABLE_CODE = YES;
				CLANG_WARN__DUPLICATE_METHOD_MATCH = YES;
				CODE_SIGN_IDENTITY = "iPhone Developer";
				COPY_PHASE_STRIP = NO;
				DEBUG_INFORMATION_FORMAT = dwarf;
				ENABLE_STRICT_OBJC_MSGSEND = YES;
				ENABLE_TESTABILITY = YES;
				GCC_C_LANGUAGE_STANDARD = gnu11;
				GCC_DYNAMIC_NO_PIC = NO;
				GCC_NO_COMMON_BLOCKS = YES;
				GCC_OPTIMIZATION_LEVEL = 0;
				GCC_PREPROCESSOR_DEFINITIONS = (
					"DEBUG=1",
					"$(inherited)",
				);
				GCC_WARN_64_TO_32_BIT_CONVERSION = YES;
				GCC_WARN_ABOUT_RETURN_TYPE = YES_ERROR;
				GCC_WARN_UNDECLARED_SELECTOR = YES;
				GCC_WARN_UNINITIALIZED_AUTOS = YES_AGGRESSIVE;
				GCC_WARN_UNUSED_FUNCTION = YES;
				GCC_WARN_UNUSED_VARIABLE = YES;
				IPHONEOS_DEPLOYMENT_TARGET = 12.1;
				MTL_ENABLE_DEBUG_INFO = INCLUDE_SOURCE;
				MTL_FAST_MATH = YES;
				ONLY_ACTIVE_ARCH = YES;
				SDKROOT = iphoneos;
				SWIFT_ACTIVE_COMPILATION_CONDITIONS = DEBUG;
				SWIFT_OPTIMIZATION_LEVEL = "-Onone";
			};
			name = Debug;
		};
		0199C1EA22380A00000CA3C0 /* Release */ = {
			isa = XCBuildConfiguration;
			buildSettings = {
				ALWAYS_SEARCH_USER_PATHS = NO;
				CLANG_ANALYZER_NONNULL = YES;
				CLANG_ANALYZER_NUMBER_OBJECT_CONVERSION = YES_AGGRESSIVE;
				CLANG_CXX_LANGUAGE_STANDARD = "gnu++14";
				CLANG_CXX_LIBRARY = "libc++";
				CLANG_ENABLE_MODULES = YES;
				CLANG_ENABLE_OBJC_ARC = YES;
				CLANG_ENABLE_OBJC_WEAK = YES;
				CLANG_WARN_BLOCK_CAPTURE_AUTORELEASING = YES;
				CLANG_WARN_BOOL_CONVERSION = YES;
				CLANG_WARN_COMMA = YES;
				CLANG_WARN_CONSTANT_CONVERSION = YES;
				CLANG_WARN_DEPRECATED_OBJC_IMPLEMENTATIONS = YES;
				CLANG_WARN_DIRECT_OBJC_ISA_USAGE = YES_ERROR;
				CLANG_WARN_DOCUMENTATION_COMMENTS = YES;
				CLANG_WARN_EMPTY_BODY = YES;
				CLANG_WARN_ENUM_CONVERSION = YES;
				CLANG_WARN_INFINITE_RECURSION = YES;
				CLANG_WARN_INT_CONVERSION = YES;
				CLANG_WARN_NON_LITERAL_NULL_CONVERSION = YES;
				CLANG_WARN_OBJC_IMPLICIT_RETAIN_SELF = YES;
				CLANG_WARN_OBJC_LITERAL_CONVERSION = YES;
				CLANG_WARN_OBJC_ROOT_CLASS = YES_ERROR;
				CLANG_WARN_RANGE_LOOP_ANALYSIS = YES;
				CLANG_WARN_STRICT_PROTOTYPES = YES;
				CLANG_WARN_SUSPICIOUS_MOVE = YES;
				CLANG_WARN_UNGUARDED_AVAILABILITY = YES_AGGRESSIVE;
				CLANG_WARN_UNREACHABLE_CODE = YES;
				CLANG_WARN__DUPLICATE_METHOD_MATCH = YES;
				CODE_SIGN_IDENTITY = "iPhone Developer";
				COPY_PHASE_STRIP = NO;
				DEBUG_INFORMATION_FORMAT = "dwarf-with-dsym";
				ENABLE_NS_ASSERTIONS = NO;
				ENABLE_STRICT_OBJC_MSGSEND = YES;
				GCC_C_LANGUAGE_STANDARD = gnu11;
				GCC_NO_COMMON_BLOCKS = YES;
				GCC_WARN_64_TO_32_BIT_CONVERSION = YES;
				GCC_WARN_ABOUT_RETURN_TYPE = YES_ERROR;
				GCC_WARN_UNDECLARED_SELECTOR = YES;
				GCC_WARN_UNINITIALIZED_AUTOS = YES_AGGRESSIVE;
				GCC_WARN_UNUSED_FUNCTION = YES;
				GCC_WARN_UNUSED_VARIABLE = YES;
				IPHONEOS_DEPLOYMENT_TARGET = 12.1;
				MTL_ENABLE_DEBUG_INFO = NO;
				MTL_FAST_MATH = YES;
				SDKROOT = iphoneos;
				SWIFT_COMPILATION_MODE = wholemodule;
				SWIFT_OPTIMIZATION_LEVEL = "-O";
				VALIDATE_PRODUCT = YES;
			};
			name = Release;
		};
		0199C1EC22380A00000CA3C0 /* Debug */ = {
			isa = XCBuildConfiguration;
			buildSettings = {
				ASSETCATALOG_COMPILER_APPICON_NAME = AppIcon;
				CODE_SIGN_STYLE = Automatic;
				INFOPLIST_FILE = Calculator/Info.plist;
				LD_RUNPATH_SEARCH_PATHS = (
					"$(inherited)",
					"@executable_path/Frameworks",
				);
				PRODUCT_BUNDLE_IDENTIFIER = org.ssfs.Calculator;
				PRODUCT_NAME = "$(TARGET_NAME)";
				SWIFT_VERSION = 4.2;
				TARGETED_DEVICE_FAMILY = "1,2";
			};
			name = Debug;
		};
		0199C1ED22380A00000CA3C0 /* Release */ = {
			isa = XCBuildConfiguration;
			buildSettings = {
				ASSETCATALOG_COMPILER_APPICON_NAME = AppIcon;
				CODE_SIGN_STYLE = Automatic;
				INFOPLIST_FILE = Calculator/Info.plist;
				LD_RUNPATH_SEARCH_PATHS = (
					"$(inherited)",
					"@executable_path/Frameworks",
				);
				PRODUCT_BUNDLE_IDENTIFIER = org.ssfs.Calculator;
				PRODUCT_NAME = "$(TARGET_NAME)";
				SWIFT_VERSION = 4.2;
				TARGETED_DEVICE_FAMILY = "1,2";
			};
			name = Release;
		};
		0199C1EF22380A00000CA3C0 /* Debug */ = {
			isa = XCBuildConfiguration;
			buildSettings = {
				ALWAYS_EMBED_SWIFT_STANDARD_LIBRARIES = YES;
				BUNDLE_LOADER = "$(TEST_HOST)";
				CODE_SIGN_STYLE = Automatic;
				INFOPLIST_FILE = CalculatorTests/Info.plist;
				LD_RUNPATH_SEARCH_PATHS = (
					"$(inherited)",
					"@executable_path/Frameworks",
					"@loader_path/Frameworks",
				);
				PRODUCT_BUNDLE_IDENTIFIER = org.ssfs.CalculatorTests;
				PRODUCT_NAME = "$(TARGET_NAME)";
				SWIFT_VERSION = 4.2;
				TARGETED_DEVICE_FAMILY = "1,2";
				TEST_HOST = "$(BUILT_PRODUCTS_DIR)/Calculator.app/Calculator";
			};
			name = Debug;
		};
		0199C1F022380A00000CA3C0 /* Release */ = {
			isa = XCBuildConfiguration;
			buildSettings = {
				ALWAYS_EMBED_SWIFT_STANDARD_LIBRARIES = YES;
				BUNDLE_LOADER = "$(TEST_HOST)";
				CODE_SIGN_STYLE = Automatic;
				INFOPLIST_FILE = CalculatorTests/Info.plist;
				LD_RUNPATH_SEARCH_PATHS = (
					"$(inherited)",
					"@executable_path/Frameworks",
					"@loader_path/Frameworks",
				);
				PRODUCT_BUNDLE_IDENTIFIER = org.ssfs.CalculatorTests;
				PRODUCT_NAME = "$(TARGET_NAME)";
				SWIFT_VERSION = 4.2;
				TARGETED_DEVICE_FAMILY = "1,2";
				TEST_HOST = "$(BUILT_PRODUCTS_DIR)/Calculator.app/Calculator";
			};
			name = Release;
		};
		0199C1F222380A00000CA3C0 /* Debug */ = {
			isa = XCBuildConfiguration;
			buildSettings = {
				ALWAYS_EMBED_SWIFT_STANDARD_LIBRARIES = YES;
				CODE_SIGN_STYLE = Automatic;
				INFOPLIST_FILE = CalculatorUITests/Info.plist;
				LD_RUNPATH_SEARCH_PATHS = (
					"$(inherited)",
					"@executable_path/Frameworks",
					"@loader_path/Frameworks",
				);
				PRODUCT_BUNDLE_IDENTIFIER = org.ssfs.CalculatorUITests;
				PRODUCT_NAME = "$(TARGET_NAME)";
				SWIFT_VERSION = 4.2;
				TARGETED_DEVICE_FAMILY = "1,2";
				TEST_TARGET_NAME = Calculator;
			};
			name = Debug;
		};
		0199C1F322380A00000CA3C0 /* Release */ = {
			isa = XCBuildConfiguration;
			buildSettings = {
				ALWAYS_EMBED_SWIFT_STANDARD_LIBRARIES = YES;
				CODE_SIGN_STYLE = Automatic;
				INFOPLIST_FILE = CalculatorUITests/Info.plist;
				LD_RUNPATH_SEARCH_PATHS = (
					"$(inherited)",
					"@executable_path/Frameworks",
					"@loader_path/Frameworks",
				);
				PRODUCT_BUNDLE_IDENTIFIER = org.ssfs.CalculatorUITests;
				PRODUCT_NAME = "$(TARGET_NAME)";
				SWIFT_VERSION = 4.2;
				TARGETED_DEVICE_FAMILY = "1,2";
				TEST_TARGET_NAME = Calculator;
			};
			name = Release;
		};
/* End XCBuildConfiguration section */

/* Begin XCConfigurationList section */
		0199C1BE223809FC000CA3C0 /* Build configuration list for PBXProject "Calculator" */ = {
			isa = XCConfigurationList;
			buildConfigurations = (
				0199C1E922380A00000CA3C0 /* Debug */,
				0199C1EA22380A00000CA3C0 /* Release */,
			);
			defaultConfigurationIsVisible = 0;
			defaultConfigurationName = Release;
		};
		0199C1EB22380A00000CA3C0 /* Build configuration list for PBXNativeTarget "Calculator" */ = {
			isa = XCConfigurationList;
			buildConfigurations = (
				0199C1EC22380A00000CA3C0 /* Debug */,
				0199C1ED22380A00000CA3C0 /* Release */,
			);
			defaultConfigurationIsVisible = 0;
			defaultConfigurationName = Release;
		};
		0199C1EE22380A00000CA3C0 /* Build configuration list for PBXNativeTarget "CalculatorTests" */ = {
			isa = XCConfigurationList;
			buildConfigurations = (
				0199C1EF22380A00000CA3C0 /* Debug */,
				0199C1F022380A00000CA3C0 /* Release */,
			);
			defaultConfigurationIsVisible = 0;
			defaultConfigurationName = Release;
		};
		0199C1F122380A00000CA3C0 /* Build configuration list for PBXNativeTarget "CalculatorUITests" */ = {
			isa = XCConfigurationList;
			buildConfigurations = (
				0199C1F222380A00000CA3C0 /* Debug */,
				0199C1F322380A00000CA3C0 /* Release */,
			);
			defaultConfigurationIsVisible = 0;
			defaultConfigurationName = Release;
		};
/* End XCConfigurationList section */
	};
	rootObject = 0199C1BB223809FC000CA3C0 /* Project object */;
}
